
Microsoft Visual Studio Solution File, Format Version 12.00
# Visual Studio Version 16
VisualStudioVersion = 16.0.31605.320
MinimumVisualStudioVersion = 10.0.40219.1
Project("{FAE04EC0-301F-11D3-BF4B-00C04F79EFBC}") = "FirstWebProject", "FirstWebProject\FirstWebProject.csproj", "{0B68D4C4-4819-4804-A3B8-A75BEA37219B}"
EndProject
Global
	GlobalSection(SolutionConfigurationPlatforms) = preSolution
		Debug|Any CPU = Debug|Any CPU
		Release|Any CPU = Release|Any CPU
	EndGlobalSection
	GlobalSection(ProjectConfigurationPlatforms) = postSolution
		{0B68D4C4-4819-4804-A3B8-A75BEA37219B}.Debug|Any CPU.ActiveCfg = Debug|Any CPU
		{0B68D4C4-4819-4804-A3B8-A75BEA37219B}.Debug|Any CPU.Build.0 = Debug|Any CPU
		{0B68D4C4-4819-4804-A3B8-A75BEA37219B}.Release|Any CPU.ActiveCfg = Release|Any CPU
		{0B68D4C4-4819-4804-A3B8-A75BEA37219B}.Release|Any CPU.Build.0 = Release|Any CPU
	EndGlobalSection
	GlobalSection(SolutionProperties) = preSolution
		HideSolutionNode = FALSE
	EndGlobalSection
	GlobalSection(ExtensibilityGlobals) = postSolution
		SolutionGuid = {693B39D6-027D-4CF9-A7A2-6F045ABA2CDD}
	EndGlobalSection
EndGlobal
